
Microsoft Visual Studio Solution File, Format Version 12.00
# Visual Studio Version 17
VisualStudioVersion = 17.12.35707.178
MinimumVisualStudioVersion = 10.0.40219.1
Project("{FAE04EC0-301F-11D3-BF4B-00C04F79EFBC}") = "FileworxsNewsUI", "FileworxsNewsUI.csproj", "{2836CC42-D295-4987-941F-ED0E292A055F}"
EndProject
Project("{FAE04EC0-301F-11D3-BF4B-00C04F79EFBC}") = "FileworxBusiness", "Business Project\FileworxBusiness\FileworxBusiness.csproj", "{3E4C778D-F01F-4033-9EFE-D7034DA5C771}"
EndProject
Global
	GlobalSection(SolutionConfigurationPlatforms) = preSolution
		Debug|Any CPU = Debug|Any CPU
		Release|Any CPU = Release|Any CPU
	EndGlobalSection
	GlobalSection(ProjectConfigurationPlatforms) = postSolution
		{2836CC42-D295-4987-941F-ED0E292A055F}.Debug|Any CPU.ActiveCfg = Debug|Any CPU
		{2836CC42-D295-4987-941F-ED0E292A055F}.Debug|Any CPU.Build.0 = Debug|Any CPU
		{2836CC42-D295-4987-941F-ED0E292A055F}.Release|Any CPU.ActiveCfg = Release|Any CPU
		{2836CC42-D295-4987-941F-ED0E292A055F}.Release|Any CPU.Build.0 = Release|Any CPU
		{3E4C778D-F01F-4033-9EFE-D7034DA5C771}.Debug|Any CPU.ActiveCfg = Debug|Any CPU
		{3E4C778D-F01F-4033-9EFE-D7034DA5C771}.Debug|Any CPU.Build.0 = Debug|Any CPU
		{3E4C778D-F01F-4033-9EFE-D7034DA5C771}.Release|Any CPU.ActiveCfg = Release|Any CPU
		{3E4C778D-F01F-4033-9EFE-D7034DA5C771}.Release|Any CPU.Build.0 = Release|Any CPU
	EndGlobalSection
	GlobalSection(SolutionProperties) = preSolution
		HideSolutionNode = FALSE
	EndGlobalSection
EndGlobal
